// !$*UTF8*$!
{
	archiveVersion = 1;
	classes = {
	};
	objectVersion = 77;
	objects = {

/* Begin PBXBuildFile section */
		00BA7C9D2C5C36FE01A143D5 /* CardEditTests.swift in Sources */ = {isa = PBXBuildFile; fileRef = 48A712BB5249349C21C5B6F7 /* CardEditTests.swift */; };
		00E64CBBC90182C3F3DB9C9C /* SurvivalViewModel.swift in Sources */ = {isa = PBXBuildFile; fileRef = C9CA1B8DF24616F047B40977 /* SurvivalViewModel.swift */; };
		04ED7705C2D576832C719B99 /* TextbookDataProviderTests.swift in Sources */ = {isa = PBXBuildFile; fileRef = F3790D4420D472B6E79FFBE4 /* TextbookDataProviderTests.swift */; };
		0D7CF85BE6FEF407EBFE83A3 /* ReviewRecord.swift in Sources */ = {isa = PBXBuildFile; fileRef = 3AF401FED0B8846B0F416A3B /* ReviewRecord.swift */; };
		136E4AFB2BF3FB37C6163542 /* textbook_grade2_lower.json in Resources */ = {isa = PBXBuildFile; fileRef = 2BFA2E208693A3AE316A4FC0 /* textbook_grade2_lower.json */; };
		153AFEF148995E8C65C01CDD /* textbook_grade4_lower.json in Resources */ = {isa = PBXBuildFile; fileRef = A0F194E15DE332D4E4AAF4C6 /* textbook_grade4_lower.json */; };
		176E6358C2130DD9875B8147 /* BadgeService.swift in Sources */ = {isa = PBXBuildFile; fileRef = FA4C4A7AE8B1B2C6B03E9F8B /* BadgeService.swift */; };
		1931A8B420CE51DBE6CB7181 /* CardPromptView.swift in Sources */ = {isa = PBXBuildFile; fileRef = 9C3675974735D72044D27836 /* CardPromptView.swift */; };
		1C6255B5D89BBBA5B422FC1A /* StreakCalendarView.swift in Sources */ = {isa = PBXBuildFile; fileRef = 894905687DC7EBE0A8EA3F81 /* StreakCalendarView.swift */; };
		205CBBBCD0038AAD763628E1 /* CelebrationEffects.swift in Sources */ = {isa = PBXBuildFile; fileRef = 988881E3DABB97C441CAFDAC /* CelebrationEffects.swift */; };
		22B7EE5A824593450D25FF75 /* SM2EngineTests.swift in Sources */ = {isa = PBXBuildFile; fileRef = 6F833511A10A25B7D26B5A25 /* SM2EngineTests.swift */; };
		23B75C01A9C4E4984CAA3376 /* textbook_grade2_upper.json in Resources */ = {isa = PBXBuildFile; fileRef = 26CD99F77E2EF86C2F74E4FF /* textbook_grade2_upper.json */; };
		2672235C05FC96A31A413077 /* TextbookDataProvider.swift in Sources */ = {isa = PBXBuildFile; fileRef = E9460DD91D6007DBC2F6B1CB /* TextbookDataProvider.swift */; };
		2CCE423069110BB5189C6B4B /* LearningFlowTests.swift in Sources */ = {isa = PBXBuildFile; fileRef = 851C00104F444E3D3A060CDC /* LearningFlowTests.swift */; };
		2D3C64CE9370FA4B17FDBAA3 /* LaunchHelper.swift in Sources */ = {isa = PBXBuildFile; fileRef = 0777EA2DB6ABAEF2754EDE55 /* LaunchHelper.swift */; };
		2FB2FFA63DF8A9DB497DDA2A /* MascotView.swift in Sources */ = {isa = PBXBuildFile; fileRef = E7FA6C5CB871576E090B6D24 /* MascotView.swift */; };
		321EC5267967E2B0058ACAB9 /* LearningViewModelTests.swift in Sources */ = {isa = PBXBuildFile; fileRef = D95BD5751D2748459F459680 /* LearningViewModelTests.swift */; };
		3433C7BDF2ED1F72154E77AD /* FullJourneyTests.swift in Sources */ = {isa = PBXBuildFile; fileRef = 98E9BF4AA0484F4A30507781 /* FullJourneyTests.swift */; };
		37D86E2A7B13C11F6D656C01 /* SurvivalView.swift in Sources */ = {isa = PBXBuildFile; fileRef = 542553FE8F9C8FBD97FD287D /* SurvivalView.swift */; };
		3EB55600E06FFC6A15BBC5DB /* SurvivalViewModelTests.swift in Sources */ = {isa = PBXBuildFile; fileRef = 73302C88BA99643F5041D15D /* SurvivalViewModelTests.swift */; };
		42407C847F116E5EDD97AD77 /* WritingCanvasView.swift in Sources */ = {isa = PBXBuildFile; fileRef = FC81E7894202A55B306F9BB6 /* WritingCanvasView.swift */; };
		4647C8C774A95333EEAD46BA /* ModelTests.swift in Sources */ = {isa = PBXBuildFile; fileRef = 2600A0B9CABFD508C1F0055A /* ModelTests.swift */; };
		4724F55BA0D57A4B8412CF5C /* EmptyStateTests.swift in Sources */ = {isa = PBXBuildFile; fileRef = E93D933ECB8A3C85780CF188 /* EmptyStateTests.swift */; };
		49CA889D1E803BA99D78E5C1 /* TimeAttackViewModel.swift in Sources */ = {isa = PBXBuildFile; fileRef = 629511DB1182AF3B3CAC06AD /* TimeAttackViewModel.swift */; };
		4B2B70B9BF20602EE590EAA2 /* TextbookSeeder.swift in Sources */ = {isa = PBXBuildFile; fileRef = 0464B8DFEAB0260D62670486 /* TextbookSeeder.swift */; };
		4D04F19EA1600064BE2433EA /* textbook_grade4_upper.json in Resources */ = {isa = PBXBuildFile; fileRef = F8FFE296C2090B810C21CBF9 /* textbook_grade4_upper.json */; };
		55C35DC1141C8B2DB785B2BA /* Card.swift in Sources */ = {isa = PBXBuildFile; fileRef = 846717C9766B879CB908CFB2 /* Card.swift */; };
		564E6FD771276868221FCC43 /* MatchView.swift in Sources */ = {isa = PBXBuildFile; fileRef = 9EFAC64E62156C0E16A5591A /* MatchView.swift */; };
		59C1A6717F8482B1E2E676B7 /* StatsViewTests.swift in Sources */ = {isa = PBXBuildFile; fileRef = BCF518E62533FE77BDFCAAF7 /* StatsViewTests.swift */; };
		5DB52F7F6467D1783C55D1AD /* TextbookBrowserView.swift in Sources */ = {isa = PBXBuildFile; fileRef = F526265F0FE69093471472A6 /* TextbookBrowserView.swift */; };
		5E66FEE695E81A59F160C9D4 /* AnkiAnnaApp.swift in Sources */ = {isa = PBXBuildFile; fileRef = D6A225EB7005EEB2DE0653A5 /* AnkiAnnaApp.swift */; };
		6408417B60EA440DDCF89365 /* textbook_grade3_upper.json in Resources */ = {isa = PBXBuildFile; fileRef = A9789ADBDCB5A84715862967 /* textbook_grade3_upper.json */; };
		67E837E6E28A6A6820D94DFF /* TextbookBrowserTests.swift in Sources */ = {isa = PBXBuildFile; fileRef = 7FB7529B8D21EF38D587DFCB /* TextbookBrowserTests.swift */; };
		68F445460B3F6AD67A810209 /* TextbookSeederTests.swift in Sources */ = {isa = PBXBuildFile; fileRef = BC952E6603595C868BEE1F80 /* TextbookSeederTests.swift */; };
		713CCE2BCA70CC7C9152BE42 /* DailySession.swift in Sources */ = {isa = PBXBuildFile; fileRef = 664E74B17927FF6135856C91 /* DailySession.swift */; };
		796CEBFA78BB7E05CCFF59B5 /* LevelServiceTests.swift in Sources */ = {isa = PBXBuildFile; fileRef = 3901FCCD8F76ABAD0A946D3F /* LevelServiceTests.swift */; };
		81C581AAF70AB0529D12A249 /* textbook_grade1_lower.json in Resources */ = {isa = PBXBuildFile; fileRef = E19010BF3F9A0A68655335E7 /* textbook_grade1_lower.json */; };
		82FEDF9C0AB0A8A6707CD99E /* TimeAttackViewModelTests.swift in Sources */ = {isa = PBXBuildFile; fileRef = CD92A8F017F901D58CBE0C07 /* TimeAttackViewModelTests.swift */; };
		853B230FC2B6CFBB4DA34686 /* AddCardView.swift in Sources */ = {isa = PBXBuildFile; fileRef = DC7BAEAC75ED454053EBEF60 /* AddCardView.swift */; };
		858D6C7AB48867A77F87AA39 /* CardEditTests.swift in Sources */ = {isa = PBXBuildFile; fileRef = 9ED0EB7040C345DD0694E265 /* CardEditTests.swift */; };
		89675600EF87CFF3682D60E6 /* MatchViewModelTests.swift in Sources */ = {isa = PBXBuildFile; fileRef = 803F4E3BAC49B1684AC1A7A9 /* MatchViewModelTests.swift */; };
		8AF6B8B33A76AC883193FF09 /* UITestSeeder.swift in Sources */ = {isa = PBXBuildFile; fileRef = 94438DFDD81EEB8AE6732939 /* UITestSeeder.swift */; };
		8B3B6A4A5235DADB2D72C4B5 /* PointsServiceTests.swift in Sources */ = {isa = PBXBuildFile; fileRef = 28F7C19DF4FBC3DC354601E2 /* PointsServiceTests.swift */; };
		8D60B9A59A6C40499075A83E /* CharacterStats.swift in Sources */ = {isa = PBXBuildFile; fileRef = 72F0BC5E415A8BBA970D2891 /* CharacterStats.swift */; };
		8D7C2B5BA7A049997172A44D /* LevelsViewModel.swift in Sources */ = {isa = PBXBuildFile; fileRef = 488A9510AC6528CFFE8087F0 /* LevelsViewModel.swift */; };
		8E51AAA41A46993C860D75E7 /* ResultFeedbackView.swift in Sources */ = {isa = PBXBuildFile; fileRef = 84C1C91C7A20F84D3E2085F6 /* ResultFeedbackView.swift */; };
		8FD09C8629BFF8019DE25B01 /* SpellingCheckerTests.swift in Sources */ = {isa = PBXBuildFile; fileRef = E3FBCA921861E86D6C50AD94 /* SpellingCheckerTests.swift */; };
		913A4588F4C12F18EA0E2B2D /* textbook_grade5_upper.json in Resources */ = {isa = PBXBuildFile; fileRef = FDA1E2437E346958B6AD9BCD /* textbook_grade5_upper.json */; };
		9B00410AAA964A49B2A3F2C5 /* TextbookGradeTests.swift in Sources */ = {isa = PBXBuildFile; fileRef = A3A16E26CA517C7303BD9A75 /* TextbookGradeTests.swift */; };
		9E528379A55871B7112556E0 /* TTSService.swift in Sources */ = {isa = PBXBuildFile; fileRef = 2AD626B345D9A023DF1934A2 /* TTSService.swift */; };
		9EC8FC6C724C634928467F0A /* textbook_grade3_lower.json in Resources */ = {isa = PBXBuildFile; fileRef = 2BF2128133161ED9C979AAEF /* textbook_grade3_lower.json */; };
		9F80F99791500378F276A7BE /* LevelsViewModelTests.swift in Sources */ = {isa = PBXBuildFile; fileRef = 104E26DB804D778514E39C9A /* LevelsViewModelTests.swift */; };
		A3A6D054C6BEC1B73F30AA03 /* LearningViewModel.swift in Sources */ = {isa = PBXBuildFile; fileRef = D25B4CD7699D5EA008AF3C8B /* LearningViewModel.swift */; };
		ACA33FE7CA8F2AD58F92DDF2 /* ContentView.swift in Sources */ = {isa = PBXBuildFile; fileRef = 7D58E6FEB619B9BE59B8D2FC /* ContentView.swift */; };
		ADA58012BB797E9BB1905AB5 /* TimeAttackView.swift in Sources */ = {isa = PBXBuildFile; fileRef = 2D618EB9740B3B41CC1F89D6 /* TimeAttackView.swift */; };
		AFBFBE4016BECB6BD14CC48A /* IntegrationTests.swift in Sources */ = {isa = PBXBuildFile; fileRef = C00159B46B20EABF39130234 /* IntegrationTests.swift */; };
		B3D764A8ACF925DFDB77FDB2 /* LevelsView.swift in Sources */ = {isa = PBXBuildFile; fileRef = 6FF8D5BAB3DD5859720EB5D7 /* LevelsView.swift */; };
		B60F6427CD728A46C2A8C60C /* GameModeTests.swift in Sources */ = {isa = PBXBuildFile; fileRef = 1084D8C9785DAFCC535AA797 /* GameModeTests.swift */; };
		B71C44A5DEED2CE5ED93C95C /* BadgeServiceTests.swift in Sources */ = {isa = PBXBuildFile; fileRef = 85C31B41011F456A834B9ADE /* BadgeServiceTests.swift */; };
		BBD2D824E18421C3C1B9F443 /* StatsView.swift in Sources */ = {isa = PBXBuildFile; fileRef = 30F0031BE44FFB683858845F /* StatsView.swift */; };
		BFDA3AA665D8C27B9D3503B8 /* CardLibraryView.swift in Sources */ = {isa = PBXBuildFile; fileRef = FA5AE2DE76102B8F3423EEF2 /* CardLibraryView.swift */; };
		C0C3D0730E454D93C1153F73 /* AIGenerator.swift in Sources */ = {isa = PBXBuildFile; fileRef = 02CAD302D14F5BFB2A99B825 /* AIGenerator.swift */; };
		C0D71ACAD86DB483FDC1D27F /* CharacterStatsTests.swift in Sources */ = {isa = PBXBuildFile; fileRef = 36EBAAE31A1925F4BA85E261 /* CharacterStatsTests.swift */; };
		C2E7C66E7952F57E229B4C1D /* SpellingChecker.swift in Sources */ = {isa = PBXBuildFile; fileRef = 0ADE2042F64C5F50A9BCAF24 /* SpellingChecker.swift */; };
		CCBC3A780E9610935640F66E /* LearningView.swift in Sources */ = {isa = PBXBuildFile; fileRef = 1704334E23D54543707B11F4 /* LearningView.swift */; };
		CDCAE78043D07782D1A02A1B /* CardContext.swift in Sources */ = {isa = PBXBuildFile; fileRef = F7A504A99F3A410B8068D5C2 /* CardContext.swift */; };
		CF372DBE5CA977818DB6CA6D /* AIGenerateView.swift in Sources */ = {isa = PBXBuildFile; fileRef = 15EFDDB132A3E952B9C465F1 /* AIGenerateView.swift */; };
		D04C26290184E4913614D57C /* textbook_grade1_upper.json in Resources */ = {isa = PBXBuildFile; fileRef = A784FCE3DABBB5150E85C1F9 /* textbook_grade1_upper.json */; };
		D30C62A311DFD5C3F6974696 /* TTSServiceTests.swift in Sources */ = {isa = PBXBuildFile; fileRef = 3FE88DED8995DAD67B8FBEE1 /* TTSServiceTests.swift */; };
		D384AAEC6106B2FA432EA7B8 /* SessionCompleteTests.swift in Sources */ = {isa = PBXBuildFile; fileRef = F9D8DB76F431F78CD7FFF91B /* SessionCompleteTests.swift */; };
		D3BDF28810998077DB1DBA80 /* textbook_grade5_lower.json in Resources */ = {isa = PBXBuildFile; fileRef = 49F6B9AE8BA86168C766738A /* textbook_grade5_lower.json */; };
		D63827A262C4A4615C30EC56 /* HandwritingRecognizerTests.swift in Sources */ = {isa = PBXBuildFile; fileRef = 0C5497CBBFB43009DF6E6E00 /* HandwritingRecognizerTests.swift */; };
		D95FFB1C981740E6373A383B /* MatchViewModel.swift in Sources */ = {isa = PBXBuildFile; fileRef = C53C552E743CA3D84CCE3B6C /* MatchViewModel.swift */; };
		DBA6BBA9A5EAFED5D5790457 /* HandwritingRecognizer.swift in Sources */ = {isa = PBXBuildFile; fileRef = 84C1C8E4BA66B2F2F6BA61A0 /* HandwritingRecognizer.swift */; };
		DC3FE25AFC17217A40047794 /* GameModeSelectionView.swift in Sources */ = {isa = PBXBuildFile; fileRef = D293F4EB00F0CDFE150E44B9 /* GameModeSelectionView.swift */; };
		DE2DB3A9C61E17686AB98848 /* ManualAddCardView.swift in Sources */ = {isa = PBXBuildFile; fileRef = 2103AB8F71425C88801BEE6B /* ManualAddCardView.swift */; };
		E2582D8F56F4C79FDCA243EF /* SM2Engine.swift in Sources */ = {isa = PBXBuildFile; fileRef = B29A2961958B3248AF15AC72 /* SM2Engine.swift */; };
		E65E4C8620D68C8231CB1AB0 /* CardDetailView.swift in Sources */ = {isa = PBXBuildFile; fileRef = 452F373EE47DDF0314FDFAE0 /* CardDetailView.swift */; };
		E891FC17EDE145B303781B57 /* LevelService.swift in Sources */ = {isa = PBXBuildFile; fileRef = 494AE74582602E6464E9AE5B /* LevelService.swift */; };
		EA2116699E23712EE63C6962 /* CardLibraryTests.swift in Sources */ = {isa = PBXBuildFile; fileRef = C0C549A8485569ABAB0BFF62 /* CardLibraryTests.swift */; };
		EE7D73F6B76C24F55CF46970 /* AIGeneratorTests.swift in Sources */ = {isa = PBXBuildFile; fileRef = 24F7C0B6E96E330280FCBC9D /* AIGeneratorTests.swift */; };
		F2DBA39536802609DC2B95E6 /* LevelProgress.swift in Sources */ = {isa = PBXBuildFile; fileRef = 885C50D2A7E896878B548DC1 /* LevelProgress.swift */; };
		FB08D4E4D9FF9206F98191F3 /* TabNavigationTests.swift in Sources */ = {isa = PBXBuildFile; fileRef = 07D377E3C210703363C0C7F7 /* TabNavigationTests.swift */; };
		FBF8BA44E08C243DC83C8E1B /* PointsService.swift in Sources */ = {isa = PBXBuildFile; fileRef = BBF33B3F00D5AC1C9289982B /* PointsService.swift */; };
		FCBD72DF67C8BD7A53A8E10D /* UserProfile.swift in Sources */ = {isa = PBXBuildFile; fileRef = 7C8C8F624B0D67EAA9B114C7 /* UserProfile.swift */; };
/* End PBXBuildFile section */

/* Begin PBXContainerItemProxy section */
		501925F256FE7B3768ECBC5B /* PBXContainerItemProxy */ = {
			isa = PBXContainerItemProxy;
			containerPortal = C9DE45BAA115135099F27E24 /* Project object */;
			proxyType = 1;
			remoteGlobalIDString = ACA4A9B01E0DAD3027A1CA31;
			remoteInfo = AnkiAnna;
		};
		9DEF05EA018637E65888D0AD /* PBXContainerItemProxy */ = {
			isa = PBXContainerItemProxy;
			containerPortal = C9DE45BAA115135099F27E24 /* Project object */;
			proxyType = 1;
			remoteGlobalIDString = ACA4A9B01E0DAD3027A1CA31;
			remoteInfo = AnkiAnna;
		};
/* End PBXContainerItemProxy section */

/* Begin PBXFileReference section */
		02CAD302D14F5BFB2A99B825 /* AIGenerator.swift */ = {isa = PBXFileReference; lastKnownFileType = sourcecode.swift; path = AIGenerator.swift; sourceTree = "<group>"; };
		0464B8DFEAB0260D62670486 /* TextbookSeeder.swift */ = {isa = PBXFileReference; lastKnownFileType = sourcecode.swift; path = TextbookSeeder.swift; sourceTree = "<group>"; };
		0777EA2DB6ABAEF2754EDE55 /* LaunchHelper.swift */ = {isa = PBXFileReference; lastKnownFileType = sourcecode.swift; path = LaunchHelper.swift; sourceTree = "<group>"; };
		07D377E3C210703363C0C7F7 /* TabNavigationTests.swift */ = {isa = PBXFileReference; lastKnownFileType = sourcecode.swift; path = TabNavigationTests.swift; sourceTree = "<group>"; };
		0ADE2042F64C5F50A9BCAF24 /* SpellingChecker.swift */ = {isa = PBXFileReference; lastKnownFileType = sourcecode.swift; path = SpellingChecker.swift; sourceTree = "<group>"; };
		0C5497CBBFB43009DF6E6E00 /* HandwritingRecognizerTests.swift */ = {isa = PBXFileReference; lastKnownFileType = sourcecode.swift; path = HandwritingRecognizerTests.swift; sourceTree = "<group>"; };
		104E26DB804D778514E39C9A /* LevelsViewModelTests.swift */ = {isa = PBXFileReference; lastKnownFileType = sourcecode.swift; path = LevelsViewModelTests.swift; sourceTree = "<group>"; };
		1084D8C9785DAFCC535AA797 /* GameModeTests.swift */ = {isa = PBXFileReference; lastKnownFileType = sourcecode.swift; path = GameModeTests.swift; sourceTree = "<group>"; };
		15EFDDB132A3E952B9C465F1 /* AIGenerateView.swift */ = {isa = PBXFileReference; lastKnownFileType = sourcecode.swift; path = AIGenerateView.swift; sourceTree = "<group>"; };
		1704334E23D54543707B11F4 /* LearningView.swift */ = {isa = PBXFileReference; lastKnownFileType = sourcecode.swift; path = LearningView.swift; sourceTree = "<group>"; };
		2103AB8F71425C88801BEE6B /* ManualAddCardView.swift */ = {isa = PBXFileReference; lastKnownFileType = sourcecode.swift; path = ManualAddCardView.swift; sourceTree = "<group>"; };
		24F7C0B6E96E330280FCBC9D /* AIGeneratorTests.swift */ = {isa = PBXFileReference; lastKnownFileType = sourcecode.swift; path = AIGeneratorTests.swift; sourceTree = "<group>"; };
		2600A0B9CABFD508C1F0055A /* ModelTests.swift */ = {isa = PBXFileReference; lastKnownFileType = sourcecode.swift; path = ModelTests.swift; sourceTree = "<group>"; };
		26CD99F77E2EF86C2F74E4FF /* textbook_grade2_upper.json */ = {isa = PBXFileReference; lastKnownFileType = text.json; path = textbook_grade2_upper.json; sourceTree = "<group>"; };
		28F7C19DF4FBC3DC354601E2 /* PointsServiceTests.swift */ = {isa = PBXFileReference; lastKnownFileType = sourcecode.swift; path = PointsServiceTests.swift; sourceTree = "<group>"; };
		2AD626B345D9A023DF1934A2 /* TTSService.swift */ = {isa = PBXFileReference; lastKnownFileType = sourcecode.swift; path = TTSService.swift; sourceTree = "<group>"; };
		2BF2128133161ED9C979AAEF /* textbook_grade3_lower.json */ = {isa = PBXFileReference; lastKnownFileType = text.json; path = textbook_grade3_lower.json; sourceTree = "<group>"; };
		2BFA2E208693A3AE316A4FC0 /* textbook_grade2_lower.json */ = {isa = PBXFileReference; lastKnownFileType = text.json; path = textbook_grade2_lower.json; sourceTree = "<group>"; };
		2D618EB9740B3B41CC1F89D6 /* TimeAttackView.swift */ = {isa = PBXFileReference; lastKnownFileType = sourcecode.swift; path = TimeAttackView.swift; sourceTree = "<group>"; };
		30F0031BE44FFB683858845F /* StatsView.swift */ = {isa = PBXFileReference; lastKnownFileType = sourcecode.swift; path = StatsView.swift; sourceTree = "<group>"; };
		36EBAAE31A1925F4BA85E261 /* CharacterStatsTests.swift */ = {isa = PBXFileReference; lastKnownFileType = sourcecode.swift; path = CharacterStatsTests.swift; sourceTree = "<group>"; };
		3901FCCD8F76ABAD0A946D3F /* LevelServiceTests.swift */ = {isa = PBXFileReference; lastKnownFileType = sourcecode.swift; path = LevelServiceTests.swift; sourceTree = "<group>"; };
		3AF401FED0B8846B0F416A3B /* ReviewRecord.swift */ = {isa = PBXFileReference; lastKnownFileType = sourcecode.swift; path = ReviewRecord.swift; sourceTree = "<group>"; };
		3FE88DED8995DAD67B8FBEE1 /* TTSServiceTests.swift */ = {isa = PBXFileReference; lastKnownFileType = sourcecode.swift; path = TTSServiceTests.swift; sourceTree = "<group>"; };
		452F373EE47DDF0314FDFAE0 /* CardDetailView.swift */ = {isa = PBXFileReference; lastKnownFileType = sourcecode.swift; path = CardDetailView.swift; sourceTree = "<group>"; };
		488A9510AC6528CFFE8087F0 /* LevelsViewModel.swift */ = {isa = PBXFileReference; lastKnownFileType = sourcecode.swift; path = LevelsViewModel.swift; sourceTree = "<group>"; };
		48A712BB5249349C21C5B6F7 /* CardEditTests.swift */ = {isa = PBXFileReference; lastKnownFileType = sourcecode.swift; path = CardEditTests.swift; sourceTree = "<group>"; };
		494AE74582602E6464E9AE5B /* LevelService.swift */ = {isa = PBXFileReference; lastKnownFileType = sourcecode.swift; path = LevelService.swift; sourceTree = "<group>"; };
		49F6B9AE8BA86168C766738A /* textbook_grade5_lower.json */ = {isa = PBXFileReference; lastKnownFileType = text.json; path = textbook_grade5_lower.json; sourceTree = "<group>"; };
		542553FE8F9C8FBD97FD287D /* SurvivalView.swift */ = {isa = PBXFileReference; lastKnownFileType = sourcecode.swift; path = SurvivalView.swift; sourceTree = "<group>"; };
		629511DB1182AF3B3CAC06AD /* TimeAttackViewModel.swift */ = {isa = PBXFileReference; lastKnownFileType = sourcecode.swift; path = TimeAttackViewModel.swift; sourceTree = "<group>"; };
		664E74B17927FF6135856C91 /* DailySession.swift */ = {isa = PBXFileReference; lastKnownFileType = sourcecode.swift; path = DailySession.swift; sourceTree = "<group>"; };
		6F833511A10A25B7D26B5A25 /* SM2EngineTests.swift */ = {isa = PBXFileReference; lastKnownFileType = sourcecode.swift; path = SM2EngineTests.swift; sourceTree = "<group>"; };
		6FF8D5BAB3DD5859720EB5D7 /* LevelsView.swift */ = {isa = PBXFileReference; lastKnownFileType = sourcecode.swift; path = LevelsView.swift; sourceTree = "<group>"; };
		72F0BC5E415A8BBA970D2891 /* CharacterStats.swift */ = {isa = PBXFileReference; lastKnownFileType = sourcecode.swift; path = CharacterStats.swift; sourceTree = "<group>"; };
		73302C88BA99643F5041D15D /* SurvivalViewModelTests.swift */ = {isa = PBXFileReference; lastKnownFileType = sourcecode.swift; path = SurvivalViewModelTests.swift; sourceTree = "<group>"; };
		78CE539EA26B80CC88550A77 /* AnkiAnnaUITests.xctest */ = {isa = PBXFileReference; includeInIndex = 0; lastKnownFileType = wrapper.cfbundle; path = AnkiAnnaUITests.xctest; sourceTree = BUILT_PRODUCTS_DIR; };
		7C8C8F624B0D67EAA9B114C7 /* UserProfile.swift */ = {isa = PBXFileReference; lastKnownFileType = sourcecode.swift; path = UserProfile.swift; sourceTree = "<group>"; };
		7D58E6FEB619B9BE59B8D2FC /* ContentView.swift */ = {isa = PBXFileReference; lastKnownFileType = sourcecode.swift; path = ContentView.swift; sourceTree = "<group>"; };
		7FB7529B8D21EF38D587DFCB /* TextbookBrowserTests.swift */ = {isa = PBXFileReference; lastKnownFileType = sourcecode.swift; path = TextbookBrowserTests.swift; sourceTree = "<group>"; };
		8007726F88F19791B909DB8F /* AnkiAnna.app */ = {isa = PBXFileReference; includeInIndex = 0; lastKnownFileType = wrapper.application; path = AnkiAnna.app; sourceTree = BUILT_PRODUCTS_DIR; };
		803F4E3BAC49B1684AC1A7A9 /* MatchViewModelTests.swift */ = {isa = PBXFileReference; lastKnownFileType = sourcecode.swift; path = MatchViewModelTests.swift; sourceTree = "<group>"; };
		846717C9766B879CB908CFB2 /* Card.swift */ = {isa = PBXFileReference; lastKnownFileType = sourcecode.swift; path = Card.swift; sourceTree = "<group>"; };
		84C1C8E4BA66B2F2F6BA61A0 /* HandwritingRecognizer.swift */ = {isa = PBXFileReference; lastKnownFileType = sourcecode.swift; path = HandwritingRecognizer.swift; sourceTree = "<group>"; };
		84C1C91C7A20F84D3E2085F6 /* ResultFeedbackView.swift */ = {isa = PBXFileReference; lastKnownFileType = sourcecode.swift; path = ResultFeedbackView.swift; sourceTree = "<group>"; };
		851C00104F444E3D3A060CDC /* LearningFlowTests.swift */ = {isa = PBXFileReference; lastKnownFileType = sourcecode.swift; path = LearningFlowTests.swift; sourceTree = "<group>"; };
		85C31B41011F456A834B9ADE /* BadgeServiceTests.swift */ = {isa = PBXFileReference; lastKnownFileType = sourcecode.swift; path = BadgeServiceTests.swift; sourceTree = "<group>"; };
		885C50D2A7E896878B548DC1 /* LevelProgress.swift */ = {isa = PBXFileReference; lastKnownFileType = sourcecode.swift; path = LevelProgress.swift; sourceTree = "<group>"; };
		894905687DC7EBE0A8EA3F81 /* StreakCalendarView.swift */ = {isa = PBXFileReference; lastKnownFileType = sourcecode.swift; path = StreakCalendarView.swift; sourceTree = "<group>"; };
		94438DFDD81EEB8AE6732939 /* UITestSeeder.swift */ = {isa = PBXFileReference; lastKnownFileType = sourcecode.swift; path = UITestSeeder.swift; sourceTree = "<group>"; };
		988881E3DABB97C441CAFDAC /* CelebrationEffects.swift */ = {isa = PBXFileReference; lastKnownFileType = sourcecode.swift; path = CelebrationEffects.swift; sourceTree = "<group>"; };
		98E9BF4AA0484F4A30507781 /* FullJourneyTests.swift */ = {isa = PBXFileReference; lastKnownFileType = sourcecode.swift; path = FullJourneyTests.swift; sourceTree = "<group>"; };
		9C3675974735D72044D27836 /* CardPromptView.swift */ = {isa = PBXFileReference; lastKnownFileType = sourcecode.swift; path = CardPromptView.swift; sourceTree = "<group>"; };
		9ED0EB7040C345DD0694E265 /* CardEditTests.swift */ = {isa = PBXFileReference; lastKnownFileType = sourcecode.swift; path = CardEditTests.swift; sourceTree = "<group>"; };
		9EFAC64E62156C0E16A5591A /* MatchView.swift */ = {isa = PBXFileReference; lastKnownFileType = sourcecode.swift; path = MatchView.swift; sourceTree = "<group>"; };
		A0F194E15DE332D4E4AAF4C6 /* textbook_grade4_lower.json */ = {isa = PBXFileReference; lastKnownFileType = text.json; path = textbook_grade4_lower.json; sourceTree = "<group>"; };
		A3A16E26CA517C7303BD9A75 /* TextbookGradeTests.swift */ = {isa = PBXFileReference; lastKnownFileType = sourcecode.swift; path = TextbookGradeTests.swift; sourceTree = "<group>"; };
		A784FCE3DABBB5150E85C1F9 /* textbook_grade1_upper.json */ = {isa = PBXFileReference; lastKnownFileType = text.json; path = textbook_grade1_upper.json; sourceTree = "<group>"; };
		A9789ADBDCB5A84715862967 /* textbook_grade3_upper.json */ = {isa = PBXFileReference; lastKnownFileType = text.json; path = textbook_grade3_upper.json; sourceTree = "<group>"; };
		B29A2961958B3248AF15AC72 /* SM2Engine.swift */ = {isa = PBXFileReference; lastKnownFileType = sourcecode.swift; path = SM2Engine.swift; sourceTree = "<group>"; };
		BBF33B3F00D5AC1C9289982B /* PointsService.swift */ = {isa = PBXFileReference; lastKnownFileType = sourcecode.swift; path = PointsService.swift; sourceTree = "<group>"; };
		BC952E6603595C868BEE1F80 /* TextbookSeederTests.swift */ = {isa = PBXFileReference; lastKnownFileType = sourcecode.swift; path = TextbookSeederTests.swift; sourceTree = "<group>"; };
		BCF518E62533FE77BDFCAAF7 /* StatsViewTests.swift */ = {isa = PBXFileReference; lastKnownFileType = sourcecode.swift; path = StatsViewTests.swift; sourceTree = "<group>"; };
		C00159B46B20EABF39130234 /* IntegrationTests.swift */ = {isa = PBXFileReference; lastKnownFileType = sourcecode.swift; path = IntegrationTests.swift; sourceTree = "<group>"; };
		C0C549A8485569ABAB0BFF62 /* CardLibraryTests.swift */ = {isa = PBXFileReference; lastKnownFileType = sourcecode.swift; path = CardLibraryTests.swift; sourceTree = "<group>"; };
		C53C552E743CA3D84CCE3B6C /* MatchViewModel.swift */ = {isa = PBXFileReference; lastKnownFileType = sourcecode.swift; path = MatchViewModel.swift; sourceTree = "<group>"; };
		C9CA1B8DF24616F047B40977 /* SurvivalViewModel.swift */ = {isa = PBXFileReference; lastKnownFileType = sourcecode.swift; path = SurvivalViewModel.swift; sourceTree = "<group>"; };
		CD92A8F017F901D58CBE0C07 /* TimeAttackViewModelTests.swift */ = {isa = PBXFileReference; lastKnownFileType = sourcecode.swift; path = TimeAttackViewModelTests.swift; sourceTree = "<group>"; };
		D25B4CD7699D5EA008AF3C8B /* LearningViewModel.swift */ = {isa = PBXFileReference; lastKnownFileType = sourcecode.swift; path = LearningViewModel.swift; sourceTree = "<group>"; };
		D293F4EB00F0CDFE150E44B9 /* GameModeSelectionView.swift */ = {isa = PBXFileReference; lastKnownFileType = sourcecode.swift; path = GameModeSelectionView.swift; sourceTree = "<group>"; };
		D6A225EB7005EEB2DE0653A5 /* AnkiAnnaApp.swift */ = {isa = PBXFileReference; lastKnownFileType = sourcecode.swift; path = AnkiAnnaApp.swift; sourceTree = "<group>"; };
		D95BD5751D2748459F459680 /* LearningViewModelTests.swift */ = {isa = PBXFileReference; lastKnownFileType = sourcecode.swift; path = LearningViewModelTests.swift; sourceTree = "<group>"; };
		DC7BAEAC75ED454053EBEF60 /* AddCardView.swift */ = {isa = PBXFileReference; lastKnownFileType = sourcecode.swift; path = AddCardView.swift; sourceTree = "<group>"; };
		E19010BF3F9A0A68655335E7 /* textbook_grade1_lower.json */ = {isa = PBXFileReference; lastKnownFileType = text.json; path = textbook_grade1_lower.json; sourceTree = "<group>"; };
		E28608525112E217B1E21564 /* AnkiAnnaTests.xctest */ = {isa = PBXFileReference; includeInIndex = 0; lastKnownFileType = wrapper.cfbundle; path = AnkiAnnaTests.xctest; sourceTree = BUILT_PRODUCTS_DIR; };
		E3FBCA921861E86D6C50AD94 /* SpellingCheckerTests.swift */ = {isa = PBXFileReference; lastKnownFileType = sourcecode.swift; path = SpellingCheckerTests.swift; sourceTree = "<group>"; };
		E7FA6C5CB871576E090B6D24 /* MascotView.swift */ = {isa = PBXFileReference; lastKnownFileType = sourcecode.swift; path = MascotView.swift; sourceTree = "<group>"; };
		E93D933ECB8A3C85780CF188 /* EmptyStateTests.swift */ = {isa = PBXFileReference; lastKnownFileType = sourcecode.swift; path = EmptyStateTests.swift; sourceTree = "<group>"; };
		E9460DD91D6007DBC2F6B1CB /* TextbookDataProvider.swift */ = {isa = PBXFileReference; lastKnownFileType = sourcecode.swift; path = TextbookDataProvider.swift; sourceTree = "<group>"; };
		F3790D4420D472B6E79FFBE4 /* TextbookDataProviderTests.swift */ = {isa = PBXFileReference; lastKnownFileType = sourcecode.swift; path = TextbookDataProviderTests.swift; sourceTree = "<group>"; };
		F526265F0FE69093471472A6 /* TextbookBrowserView.swift */ = {isa = PBXFileReference; lastKnownFileType = sourcecode.swift; path = TextbookBrowserView.swift; sourceTree = "<group>"; };
		F7A504A99F3A410B8068D5C2 /* CardContext.swift */ = {isa = PBXFileReference; lastKnownFileType = sourcecode.swift; path = CardContext.swift; sourceTree = "<group>"; };
		F8FFE296C2090B810C21CBF9 /* textbook_grade4_upper.json */ = {isa = PBXFileReference; lastKnownFileType = text.json; path = textbook_grade4_upper.json; sourceTree = "<group>"; };
		F9D8DB76F431F78CD7FFF91B /* SessionCompleteTests.swift */ = {isa = PBXFileReference; lastKnownFileType = sourcecode.swift; path = SessionCompleteTests.swift; sourceTree = "<group>"; };
		FA4C4A7AE8B1B2C6B03E9F8B /* BadgeService.swift */ = {isa = PBXFileReference; lastKnownFileType = sourcecode.swift; path = BadgeService.swift; sourceTree = "<group>"; };
		FA5AE2DE76102B8F3423EEF2 /* CardLibraryView.swift */ = {isa = PBXFileReference; lastKnownFileType = sourcecode.swift; path = CardLibraryView.swift; sourceTree = "<group>"; };
		FC81E7894202A55B306F9BB6 /* WritingCanvasView.swift */ = {isa = PBXFileReference; lastKnownFileType = sourcecode.swift; path = WritingCanvasView.swift; sourceTree = "<group>"; };
		FDA1E2437E346958B6AD9BCD /* textbook_grade5_upper.json */ = {isa = PBXFileReference; lastKnownFileType = text.json; path = textbook_grade5_upper.json; sourceTree = "<group>"; };
/* End PBXFileReference section */

/* Begin PBXGroup section */
		2DBD21DFA3A8077CCE281999 /* Match */ = {
			isa = PBXGroup;
			children = (
				9EFAC64E62156C0E16A5591A /* MatchView.swift */,
				C53C552E743CA3D84CCE3B6C /* MatchViewModel.swift */,
			);
			path = Match;
			sourceTree = "<group>";
		};
		4D5EBB23BF74353015E84787 /* Services */ = {
			isa = PBXGroup;
			children = (
				02CAD302D14F5BFB2A99B825 /* AIGenerator.swift */,
				FA4C4A7AE8B1B2C6B03E9F8B /* BadgeService.swift */,
				84C1C8E4BA66B2F2F6BA61A0 /* HandwritingRecognizer.swift */,
				494AE74582602E6464E9AE5B /* LevelService.swift */,
				BBF33B3F00D5AC1C9289982B /* PointsService.swift */,
				B29A2961958B3248AF15AC72 /* SM2Engine.swift */,
				0ADE2042F64C5F50A9BCAF24 /* SpellingChecker.swift */,
				E9460DD91D6007DBC2F6B1CB /* TextbookDataProvider.swift */,
				0464B8DFEAB0260D62670486 /* TextbookSeeder.swift */,
				2AD626B345D9A023DF1934A2 /* TTSService.swift */,
			);
			path = Services;
			sourceTree = "<group>";
		};
		4F1DFAACA41AD51D525D4F02 /* CardLibrary */ = {
			isa = PBXGroup;
			children = (
				452F373EE47DDF0314FDFAE0 /* CardDetailView.swift */,
				FA5AE2DE76102B8F3423EEF2 /* CardLibraryView.swift */,
			);
			path = CardLibrary;
			sourceTree = "<group>";
		};
		4FB4345D37CD82FE6A4D99E7 /* Survival */ = {
			isa = PBXGroup;
			children = (
				542553FE8F9C8FBD97FD287D /* SurvivalView.swift */,
				C9CA1B8DF24616F047B40977 /* SurvivalViewModel.swift */,
			);
			path = Survival;
			sourceTree = "<group>";
		};
		5440DAFD575589F677769D80 /* Products */ = {
			isa = PBXGroup;
			children = (
				8007726F88F19791B909DB8F /* AnkiAnna.app */,
				E28608525112E217B1E21564 /* AnkiAnnaTests.xctest */,
				78CE539EA26B80CC88550A77 /* AnkiAnnaUITests.xctest */,
			);
			name = Products;
			sourceTree = "<group>";
		};
		563B0B54EE0FF620FC276902 /* Stats */ = {
			isa = PBXGroup;
			children = (
				30F0031BE44FFB683858845F /* StatsView.swift */,
				894905687DC7EBE0A8EA3F81 /* StreakCalendarView.swift */,
			);
			path = Stats;
			sourceTree = "<group>";
		};
		566CBB3F3DB1F8F3D9B7C5C4 /* Helpers */ = {
			isa = PBXGroup;
			children = (
				0777EA2DB6ABAEF2754EDE55 /* LaunchHelper.swift */,
			);
			path = Helpers;
			sourceTree = "<group>";
		};
		58D82D2AAE687A2992B3E0E1 /* Resources */ = {
			isa = PBXGroup;
			children = (
				E19010BF3F9A0A68655335E7 /* textbook_grade1_lower.json */,
				A784FCE3DABBB5150E85C1F9 /* textbook_grade1_upper.json */,
				2BFA2E208693A3AE316A4FC0 /* textbook_grade2_lower.json */,
				26CD99F77E2EF86C2F74E4FF /* textbook_grade2_upper.json */,
				2BF2128133161ED9C979AAEF /* textbook_grade3_lower.json */,
				A9789ADBDCB5A84715862967 /* textbook_grade3_upper.json */,
				A0F194E15DE332D4E4AAF4C6 /* textbook_grade4_lower.json */,
				F8FFE296C2090B810C21CBF9 /* textbook_grade4_upper.json */,
				49F6B9AE8BA86168C766738A /* textbook_grade5_lower.json */,
				FDA1E2437E346958B6AD9BCD /* textbook_grade5_upper.json */,
			);
			path = Resources;
			sourceTree = "<group>";
		};
		769135BC23613C68FDE963FA /* AddCard */ = {
			isa = PBXGroup;
			children = (
				DC7BAEAC75ED454053EBEF60 /* AddCardView.swift */,
				15EFDDB132A3E952B9C465F1 /* AIGenerateView.swift */,
				2103AB8F71425C88801BEE6B /* ManualAddCardView.swift */,
				F526265F0FE69093471472A6 /* TextbookBrowserView.swift */,
			);
			path = AddCard;
			sourceTree = "<group>";
		};
		78AE814F56B8DCC46426EB95 /* AnkiAnnaUITests */ = {
			isa = PBXGroup;
			children = (
				9ED0EB7040C345DD0694E265 /* CardEditTests.swift */,
				C0C549A8485569ABAB0BFF62 /* CardLibraryTests.swift */,
				E93D933ECB8A3C85780CF188 /* EmptyStateTests.swift */,
				98E9BF4AA0484F4A30507781 /* FullJourneyTests.swift */,
				1084D8C9785DAFCC535AA797 /* GameModeTests.swift */,
				851C00104F444E3D3A060CDC /* LearningFlowTests.swift */,
				F9D8DB76F431F78CD7FFF91B /* SessionCompleteTests.swift */,
				BCF518E62533FE77BDFCAAF7 /* StatsViewTests.swift */,
				07D377E3C210703363C0C7F7 /* TabNavigationTests.swift */,
				7FB7529B8D21EF38D587DFCB /* TextbookBrowserTests.swift */,
				566CBB3F3DB1F8F3D9B7C5C4 /* Helpers */,
			);
			path = AnkiAnnaUITests;
			sourceTree = "<group>";
		};
		868776DBB202A27BEF98E1CC /* TimeAttack */ = {
			isa = PBXGroup;
			children = (
				2D618EB9740B3B41CC1F89D6 /* TimeAttackView.swift */,
				629511DB1182AF3B3CAC06AD /* TimeAttackViewModel.swift */,
			);
			path = TimeAttack;
			sourceTree = "<group>";
		};
		921B174ABFB7DCF24D69505A /* AnkiAnnaTests */ = {
			isa = PBXGroup;
			children = (
				24F7C0B6E96E330280FCBC9D /* AIGeneratorTests.swift */,
				85C31B41011F456A834B9ADE /* BadgeServiceTests.swift */,
				48A712BB5249349C21C5B6F7 /* CardEditTests.swift */,
				36EBAAE31A1925F4BA85E261 /* CharacterStatsTests.swift */,
				0C5497CBBFB43009DF6E6E00 /* HandwritingRecognizerTests.swift */,
				C00159B46B20EABF39130234 /* IntegrationTests.swift */,
				D95BD5751D2748459F459680 /* LearningViewModelTests.swift */,
				3901FCCD8F76ABAD0A946D3F /* LevelServiceTests.swift */,
				104E26DB804D778514E39C9A /* LevelsViewModelTests.swift */,
				803F4E3BAC49B1684AC1A7A9 /* MatchViewModelTests.swift */,
				2600A0B9CABFD508C1F0055A /* ModelTests.swift */,
				28F7C19DF4FBC3DC354601E2 /* PointsServiceTests.swift */,
				6F833511A10A25B7D26B5A25 /* SM2EngineTests.swift */,
				E3FBCA921861E86D6C50AD94 /* SpellingCheckerTests.swift */,
				73302C88BA99643F5041D15D /* SurvivalViewModelTests.swift */,
				F3790D4420D472B6E79FFBE4 /* TextbookDataProviderTests.swift */,
				A3A16E26CA517C7303BD9A75 /* TextbookGradeTests.swift */,
				BC952E6603595C868BEE1F80 /* TextbookSeederTests.swift */,
				CD92A8F017F901D58CBE0C07 /* TimeAttackViewModelTests.swift */,
				3FE88DED8995DAD67B8FBEE1 /* TTSServiceTests.swift */,
			);
			path = AnkiAnnaTests;
			sourceTree = "<group>";
		};
		9646742EB59929C7F47FF3AD /* Levels */ = {
			isa = PBXGroup;
			children = (
				6FF8D5BAB3DD5859720EB5D7 /* LevelsView.swift */,
				488A9510AC6528CFFE8087F0 /* LevelsViewModel.swift */,
			);
			path = Levels;
			sourceTree = "<group>";
		};
		A3486085836E78E49BF72208 /* AnkiAnna */ = {
			isa = PBXGroup;
			children = (
				D6A225EB7005EEB2DE0653A5 /* AnkiAnnaApp.swift */,
				7D58E6FEB619B9BE59B8D2FC /* ContentView.swift */,
				E36DEF1A776DFDA47A5D216B /* Models */,
				58D82D2AAE687A2992B3E0E1 /* Resources */,
				4D5EBB23BF74353015E84787 /* Services */,
				BE53762659D29578DE208367 /* Testing */,
				DC77018B4D14B9A86F5271B2 /* Views */,
			);
			path = AnkiAnna;
			sourceTree = "<group>";
		};
		BE53762659D29578DE208367 /* Testing */ = {
			isa = PBXGroup;
			children = (
				94438DFDD81EEB8AE6732939 /* UITestSeeder.swift */,
			);
			path = Testing;
			sourceTree = "<group>";
		};
		BF1DBCBEF66E9432D0B66754 = {
			isa = PBXGroup;
			children = (
				A3486085836E78E49BF72208 /* AnkiAnna */,
				921B174ABFB7DCF24D69505A /* AnkiAnnaTests */,
				78AE814F56B8DCC46426EB95 /* AnkiAnnaUITests */,
				5440DAFD575589F677769D80 /* Products */,
			);
			sourceTree = "<group>";
		};
		DC77018B4D14B9A86F5271B2 /* Views */ = {
			isa = PBXGroup;
			children = (
				769135BC23613C68FDE963FA /* AddCard */,
				4F1DFAACA41AD51D525D4F02 /* CardLibrary */,
				F81FC4F2813280E6CCC087F4 /* Learning */,
				563B0B54EE0FF620FC276902 /* Stats */,
			);
			path = Views;
			sourceTree = "<group>";
		};
		E36DEF1A776DFDA47A5D216B /* Models */ = {
			isa = PBXGroup;
			children = (
				846717C9766B879CB908CFB2 /* Card.swift */,
				F7A504A99F3A410B8068D5C2 /* CardContext.swift */,
				72F0BC5E415A8BBA970D2891 /* CharacterStats.swift */,
				664E74B17927FF6135856C91 /* DailySession.swift */,
				885C50D2A7E896878B548DC1 /* LevelProgress.swift */,
				3AF401FED0B8846B0F416A3B /* ReviewRecord.swift */,
				7C8C8F624B0D67EAA9B114C7 /* UserProfile.swift */,
			);
			path = Models;
			sourceTree = "<group>";
		};
		F81FC4F2813280E6CCC087F4 /* Learning */ = {
			isa = PBXGroup;
			children = (
				9C3675974735D72044D27836 /* CardPromptView.swift */,
				988881E3DABB97C441CAFDAC /* CelebrationEffects.swift */,
				D293F4EB00F0CDFE150E44B9 /* GameModeSelectionView.swift */,
				1704334E23D54543707B11F4 /* LearningView.swift */,
				D25B4CD7699D5EA008AF3C8B /* LearningViewModel.swift */,
				E7FA6C5CB871576E090B6D24 /* MascotView.swift */,
				84C1C91C7A20F84D3E2085F6 /* ResultFeedbackView.swift */,
				FC81E7894202A55B306F9BB6 /* WritingCanvasView.swift */,
				9646742EB59929C7F47FF3AD /* Levels */,
				2DBD21DFA3A8077CCE281999 /* Match */,
				4FB4345D37CD82FE6A4D99E7 /* Survival */,
				868776DBB202A27BEF98E1CC /* TimeAttack */,
			);
			path = Learning;
			sourceTree = "<group>";
		};
/* End PBXGroup section */

/* Begin PBXNativeTarget section */
		ACA4A9B01E0DAD3027A1CA31 /* AnkiAnna */ = {
			isa = PBXNativeTarget;
			buildConfigurationList = 6A0FB8F0070EC54F80350F9D /* Build configuration list for PBXNativeTarget "AnkiAnna" */;
			buildPhases = (
				6C24E8F7D6818DA968423BA2 /* Sources */,
				0BEBA4DE10B1F7F90CF9E249 /* Resources */,
			);
			buildRules = (
			);
			dependencies = (
			);
			name = AnkiAnna;
			packageProductDependencies = (
			);
			productName = AnkiAnna;
			productReference = 8007726F88F19791B909DB8F /* AnkiAnna.app */;
			productType = "com.apple.product-type.application";
		};
		D6A3874FBCE37F6A0770C596 /* AnkiAnnaUITests */ = {
			isa = PBXNativeTarget;
			buildConfigurationList = 3001A825565DAD3CE6D80EC9 /* Build configuration list for PBXNativeTarget "AnkiAnnaUITests" */;
			buildPhases = (
				2FF85C7033D85D718AD764E8 /* Sources */,
			);
			buildRules = (
			);
			dependencies = (
				2317B1D07AB9F9C399278089 /* PBXTargetDependency */,
			);
			name = AnkiAnnaUITests;
			packageProductDependencies = (
			);
			productName = AnkiAnnaUITests;
			productReference = 78CE539EA26B80CC88550A77 /* AnkiAnnaUITests.xctest */;
			productType = "com.apple.product-type.bundle.ui-testing";
		};
		DE6C72979DB2AF4E48D8CCDC /* AnkiAnnaTests */ = {
			isa = PBXNativeTarget;
			buildConfigurationList = BD92946ABD40B2C310AA6FB6 /* Build configuration list for PBXNativeTarget "AnkiAnnaTests" */;
			buildPhases = (
				5073A05A860FAA3968FFBAEE /* Sources */,
			);
			buildRules = (
			);
			dependencies = (
				A4F7C90C0CF7FB2E5F962E1B /* PBXTargetDependency */,
			);
			name = AnkiAnnaTests;
			packageProductDependencies = (
			);
			productName = AnkiAnnaTests;
			productReference = E28608525112E217B1E21564 /* AnkiAnnaTests.xctest */;
			productType = "com.apple.product-type.bundle.unit-test";
		};
/* End PBXNativeTarget section */

/* Begin PBXProject section */
		C9DE45BAA115135099F27E24 /* Project object */ = {
			isa = PBXProject;
			attributes = {
				BuildIndependentTargetsInParallel = YES;
				LastUpgradeCheck = 1600;
				TargetAttributes = {
					ACA4A9B01E0DAD3027A1CA31 = {
						DevelopmentTeam = SSG79B289M;
						ProvisioningStyle = Automatic;
					};
					D6A3874FBCE37F6A0770C596 = {
						TestTargetID = ACA4A9B01E0DAD3027A1CA31;
					};
				};
			};
			buildConfigurationList = C59E36704FDB6ED6160BFEFD /* Build configuration list for PBXProject "AnkiAnna" */;
			compatibilityVersion = "Xcode 14.0";
			developmentRegion = en;
			hasScannedForEncodings = 0;
			knownRegions = (
				Base,
				en,
			);
			mainGroup = BF1DBCBEF66E9432D0B66754;
			minimizedProjectReferenceProxies = 1;
			preferredProjectObjectVersion = 77;
			projectDirPath = "";
			projectRoot = "";
			targets = (
				ACA4A9B01E0DAD3027A1CA31 /* AnkiAnna */,
				DE6C72979DB2AF4E48D8CCDC /* AnkiAnnaTests */,
				D6A3874FBCE37F6A0770C596 /* AnkiAnnaUITests */,
			);
		};
/* End PBXProject section */

/* Begin PBXResourcesBuildPhase section */
		0BEBA4DE10B1F7F90CF9E249 /* Resources */ = {
			isa = PBXResourcesBuildPhase;
			buildActionMask = 2147483647;
			files = (
				81C581AAF70AB0529D12A249 /* textbook_grade1_lower.json in Resources */,
				D04C26290184E4913614D57C /* textbook_grade1_upper.json in Resources */,
				136E4AFB2BF3FB37C6163542 /* textbook_grade2_lower.json in Resources */,
				23B75C01A9C4E4984CAA3376 /* textbook_grade2_upper.json in Resources */,
				9EC8FC6C724C634928467F0A /* textbook_grade3_lower.json in Resources */,
				6408417B60EA440DDCF89365 /* textbook_grade3_upper.json in Resources */,
				153AFEF148995E8C65C01CDD /* textbook_grade4_lower.json in Resources */,
				4D04F19EA1600064BE2433EA /* textbook_grade4_upper.json in Resources */,
				D3BDF28810998077DB1DBA80 /* textbook_grade5_lower.json in Resources */,
				913A4588F4C12F18EA0E2B2D /* textbook_grade5_upper.json in Resources */,
			);
			runOnlyForDeploymentPostprocessing = 0;
		};
/* End PBXResourcesBuildPhase section */

/* Begin PBXSourcesBuildPhase section */
		2FF85C7033D85D718AD764E8 /* Sources */ = {
			isa = PBXSourcesBuildPhase;
			buildActionMask = 2147483647;
			files = (
				858D6C7AB48867A77F87AA39 /* CardEditTests.swift in Sources */,
				EA2116699E23712EE63C6962 /* CardLibraryTests.swift in Sources */,
				4724F55BA0D57A4B8412CF5C /* EmptyStateTests.swift in Sources */,
				3433C7BDF2ED1F72154E77AD /* FullJourneyTests.swift in Sources */,
				B60F6427CD728A46C2A8C60C /* GameModeTests.swift in Sources */,
				2D3C64CE9370FA4B17FDBAA3 /* LaunchHelper.swift in Sources */,
				2CCE423069110BB5189C6B4B /* LearningFlowTests.swift in Sources */,
				D384AAEC6106B2FA432EA7B8 /* SessionCompleteTests.swift in Sources */,
				59C1A6717F8482B1E2E676B7 /* StatsViewTests.swift in Sources */,
				FB08D4E4D9FF9206F98191F3 /* TabNavigationTests.swift in Sources */,
				67E837E6E28A6A6820D94DFF /* TextbookBrowserTests.swift in Sources */,
			);
			runOnlyForDeploymentPostprocessing = 0;
		};
		5073A05A860FAA3968FFBAEE /* Sources */ = {
			isa = PBXSourcesBuildPhase;
			buildActionMask = 2147483647;
			files = (
				EE7D73F6B76C24F55CF46970 /* AIGeneratorTests.swift in Sources */,
				B71C44A5DEED2CE5ED93C95C /* BadgeServiceTests.swift in Sources */,
				00BA7C9D2C5C36FE01A143D5 /* CardEditTests.swift in Sources */,
				C0D71ACAD86DB483FDC1D27F /* CharacterStatsTests.swift in Sources */,
				D63827A262C4A4615C30EC56 /* HandwritingRecognizerTests.swift in Sources */,
				AFBFBE4016BECB6BD14CC48A /* IntegrationTests.swift in Sources */,
				321EC5267967E2B0058ACAB9 /* LearningViewModelTests.swift in Sources */,
				796CEBFA78BB7E05CCFF59B5 /* LevelServiceTests.swift in Sources */,
				9F80F99791500378F276A7BE /* LevelsViewModelTests.swift in Sources */,
				89675600EF87CFF3682D60E6 /* MatchViewModelTests.swift in Sources */,
				4647C8C774A95333EEAD46BA /* ModelTests.swift in Sources */,
				8B3B6A4A5235DADB2D72C4B5 /* PointsServiceTests.swift in Sources */,
				22B7EE5A824593450D25FF75 /* SM2EngineTests.swift in Sources */,
				8FD09C8629BFF8019DE25B01 /* SpellingCheckerTests.swift in Sources */,
				3EB55600E06FFC6A15BBC5DB /* SurvivalViewModelTests.swift in Sources */,
				D30C62A311DFD5C3F6974696 /* TTSServiceTests.swift in Sources */,
				04ED7705C2D576832C719B99 /* TextbookDataProviderTests.swift in Sources */,
				9B00410AAA964A49B2A3F2C5 /* TextbookGradeTests.swift in Sources */,
				68F445460B3F6AD67A810209 /* TextbookSeederTests.swift in Sources */,
				82FEDF9C0AB0A8A6707CD99E /* TimeAttackViewModelTests.swift in Sources */,
			);
			runOnlyForDeploymentPostprocessing = 0;
		};
		6C24E8F7D6818DA968423BA2 /* Sources */ = {
			isa = PBXSourcesBuildPhase;
			buildActionMask = 2147483647;
			files = (
				CF372DBE5CA977818DB6CA6D /* AIGenerateView.swift in Sources */,
				C0C3D0730E454D93C1153F73 /* AIGenerator.swift in Sources */,
				853B230FC2B6CFBB4DA34686 /* AddCardView.swift in Sources */,
				5E66FEE695E81A59F160C9D4 /* AnkiAnnaApp.swift in Sources */,
				176E6358C2130DD9875B8147 /* BadgeService.swift in Sources */,
				55C35DC1141C8B2DB785B2BA /* Card.swift in Sources */,
				CDCAE78043D07782D1A02A1B /* CardContext.swift in Sources */,
				E65E4C8620D68C8231CB1AB0 /* CardDetailView.swift in Sources */,
				BFDA3AA665D8C27B9D3503B8 /* CardLibraryView.swift in Sources */,
				1931A8B420CE51DBE6CB7181 /* CardPromptView.swift in Sources */,
				205CBBBCD0038AAD763628E1 /* CelebrationEffects.swift in Sources */,
				8D60B9A59A6C40499075A83E /* CharacterStats.swift in Sources */,
				ACA33FE7CA8F2AD58F92DDF2 /* ContentView.swift in Sources */,
				713CCE2BCA70CC7C9152BE42 /* DailySession.swift in Sources */,
				DC3FE25AFC17217A40047794 /* GameModeSelectionView.swift in Sources */,
				DBA6BBA9A5EAFED5D5790457 /* HandwritingRecognizer.swift in Sources */,
				CCBC3A780E9610935640F66E /* LearningView.swift in Sources */,
				A3A6D054C6BEC1B73F30AA03 /* LearningViewModel.swift in Sources */,
				F2DBA39536802609DC2B95E6 /* LevelProgress.swift in Sources */,
				E891FC17EDE145B303781B57 /* LevelService.swift in Sources */,
				B3D764A8ACF925DFDB77FDB2 /* LevelsView.swift in Sources */,
				8D7C2B5BA7A049997172A44D /* LevelsViewModel.swift in Sources */,
				DE2DB3A9C61E17686AB98848 /* ManualAddCardView.swift in Sources */,
				2FB2FFA63DF8A9DB497DDA2A /* MascotView.swift in Sources */,
				564E6FD771276868221FCC43 /* MatchView.swift in Sources */,
				D95FFB1C981740E6373A383B /* MatchViewModel.swift in Sources */,
				FBF8BA44E08C243DC83C8E1B /* PointsService.swift in Sources */,
				8E51AAA41A46993C860D75E7 /* ResultFeedbackView.swift in Sources */,
				0D7CF85BE6FEF407EBFE83A3 /* ReviewRecord.swift in Sources */,
				E2582D8F56F4C79FDCA243EF /* SM2Engine.swift in Sources */,
				C2E7C66E7952F57E229B4C1D /* SpellingChecker.swift in Sources */,
				BBD2D824E18421C3C1B9F443 /* StatsView.swift in Sources */,
				1C6255B5D89BBBA5B422FC1A /* StreakCalendarView.swift in Sources */,
				37D86E2A7B13C11F6D656C01 /* SurvivalView.swift in Sources */,
				00E64CBBC90182C3F3DB9C9C /* SurvivalViewModel.swift in Sources */,
				9E528379A55871B7112556E0 /* TTSService.swift in Sources */,
				5DB52F7F6467D1783C55D1AD /* TextbookBrowserView.swift in Sources */,
				2672235C05FC96A31A413077 /* TextbookDataProvider.swift in Sources */,
				4B2B70B9BF20602EE590EAA2 /* TextbookSeeder.swift in Sources */,
				ADA58012BB797E9BB1905AB5 /* TimeAttackView.swift in Sources */,
				49CA889D1E803BA99D78E5C1 /* TimeAttackViewModel.swift in Sources */,
				8AF6B8B33A76AC883193FF09 /* UITestSeeder.swift in Sources */,
				FCBD72DF67C8BD7A53A8E10D /* UserProfile.swift in Sources */,
				42407C847F116E5EDD97AD77 /* WritingCanvasView.swift in Sources */,
			);
			runOnlyForDeploymentPostprocessing = 0;
		};
/* End PBXSourcesBuildPhase section */

/* Begin PBXTargetDependency section */
		2317B1D07AB9F9C399278089 /* PBXTargetDependency */ = {
			isa = PBXTargetDependency;
			target = ACA4A9B01E0DAD3027A1CA31 /* AnkiAnna */;
			targetProxy = 9DEF05EA018637E65888D0AD /* PBXContainerItemProxy */;
		};
		A4F7C90C0CF7FB2E5F962E1B /* PBXTargetDependency */ = {
			isa = PBXTargetDependency;
			target = ACA4A9B01E0DAD3027A1CA31 /* AnkiAnna */;
			targetProxy = 501925F256FE7B3768ECBC5B /* PBXContainerItemProxy */;
		};
/* End PBXTargetDependency section */

/* Begin XCBuildConfiguration section */
		5E18681A9F7FCB0A87CE5B02 /* Debug */ = {
			isa = XCBuildConfiguration;
			buildSettings = {
				ASSETCATALOG_COMPILER_APPICON_NAME = AppIcon;
				CODE_SIGN_IDENTITY = "iPhone Developer";
				CODE_SIGN_STYLE = Automatic;
				DEVELOPMENT_TEAM = SSG79B289M;
				GENERATE_INFOPLIST_FILE = YES;
				INFOPLIST_KEY_UIApplicationSceneManifest_Generation = YES;
				INFOPLIST_KEY_UILaunchScreen_Generation = YES;
				INFOPLIST_KEY_UISupportedInterfaceOrientations_iPad = "UIInterfaceOrientationLandscapeLeft UIInterfaceOrientationLandscapeRight";
				LD_RUNPATH_SEARCH_PATHS = (
					"$(inherited)",
					"@executable_path/Frameworks",
				);
				PRODUCT_BUNDLE_IDENTIFIER = com.ming.ankianna.AnkiAnna;
				SDKROOT = iphoneos;
				TARGETED_DEVICE_FAMILY = "1,2";
			};
			name = Debug;
		};
		6463AFB680BD582667E6A16B /* Debug */ = {
			isa = XCBuildConfiguration;
			buildSettings = {
				ALWAYS_SEARCH_USER_PATHS = NO;
				CLANG_ANALYZER_NONNULL = YES;
				CLANG_ANALYZER_NUMBER_OBJECT_CONVERSION = YES_AGGRESSIVE;
				CLANG_CXX_LANGUAGE_STANDARD = "gnu++14";
				CLANG_CXX_LIBRARY = "libc++";
				CLANG_ENABLE_MODULES = YES;
				CLANG_ENABLE_OBJC_ARC = YES;
				CLANG_ENABLE_OBJC_WEAK = YES;
				CLANG_WARN_BLOCK_CAPTURE_AUTORELEASING = YES;
				CLANG_WARN_BOOL_CONVERSION = YES;
				CLANG_WARN_COMMA = YES;
				CLANG_WARN_CONSTANT_CONVERSION = YES;
				CLANG_WARN_DEPRECATED_OBJC_IMPLEMENTATIONS = YES;
				CLANG_WARN_DIRECT_OBJC_ISA_USAGE = YES_ERROR;
				CLANG_WARN_DOCUMENTATION_COMMENTS = YES;
				CLANG_WARN_EMPTY_BODY = YES;
				CLANG_WARN_ENUM_CONVERSION = YES;
				CLANG_WARN_INFINITE_RECURSION = YES;
				CLANG_WARN_INT_CONVERSION = YES;
				CLANG_WARN_NON_LITERAL_NULL_CONVERSION = YES;
				CLANG_WARN_OBJC_IMPLICIT_RETAIN_SELF = YES;
				CLANG_WARN_OBJC_LITERAL_CONVERSION = YES;
				CLANG_WARN_OBJC_ROOT_CLASS = YES_ERROR;
				CLANG_WARN_QUOTED_INCLUDE_IN_FRAMEWORK_HEADER = YES;
				CLANG_WARN_RANGE_LOOP_ANALYSIS = YES;
				CLANG_WARN_STRICT_PROTOTYPES = YES;
				CLANG_WARN_SUSPICIOUS_MOVE = YES;
				CLANG_WARN_UNGUARDED_AVAILABILITY = YES_AGGRESSIVE;
				CLANG_WARN_UNREACHABLE_CODE = YES;
				CLANG_WARN__DUPLICATE_METHOD_MATCH = YES;
				COPY_PHASE_STRIP = NO;
				DEBUG_INFORMATION_FORMAT = dwarf;
				ENABLE_STRICT_OBJC_MSGSEND = YES;
				ENABLE_TESTABILITY = YES;
				GCC_C_LANGUAGE_STANDARD = gnu11;
				GCC_DYNAMIC_NO_PIC = NO;
				GCC_NO_COMMON_BLOCKS = YES;
				GCC_OPTIMIZATION_LEVEL = 0;
				GCC_PREPROCESSOR_DEFINITIONS = (
					"$(inherited)",
					"DEBUG=1",
				);
				GCC_WARN_64_TO_32_BIT_CONVERSION = YES;
				GCC_WARN_ABOUT_RETURN_TYPE = YES_ERROR;
				GCC_WARN_UNDECLARED_SELECTOR = YES;
				GCC_WARN_UNINITIALIZED_AUTOS = YES_AGGRESSIVE;
				GCC_WARN_UNUSED_FUNCTION = YES;
				GCC_WARN_UNUSED_VARIABLE = YES;
				IPHONEOS_DEPLOYMENT_TARGET = 17.0;
				MTL_ENABLE_DEBUG_INFO = INCLUDE_SOURCE;
				MTL_FAST_MATH = YES;
				ONLY_ACTIVE_ARCH = YES;
				PRODUCT_NAME = "$(TARGET_NAME)";
				SDKROOT = iphoneos;
				SUPPORTS_XR_DESIGNED_FOR = NO;
				SWIFT_ACTIVE_COMPILATION_CONDITIONS = DEBUG;
				SWIFT_OPTIMIZATION_LEVEL = "-Onone";
				SWIFT_VERSION = 5.0;
				TARGETED_DEVICE_FAMILY = 2;
			};
			name = Debug;
		};
		6F88528639690CFFB685AD27 /* Release */ = {
			isa = XCBuildConfiguration;
			buildSettings = {
				ASSETCATALOG_COMPILER_APPICON_NAME = AppIcon;
				CODE_SIGN_IDENTITY = "iPhone Developer";
				CODE_SIGN_STYLE = Automatic;
				DEVELOPMENT_TEAM = SSG79B289M;
				GENERATE_INFOPLIST_FILE = YES;
				INFOPLIST_KEY_UIApplicationSceneManifest_Generation = YES;
				INFOPLIST_KEY_UILaunchScreen_Generation = YES;
				INFOPLIST_KEY_UISupportedInterfaceOrientations_iPad = "UIInterfaceOrientationLandscapeLeft UIInterfaceOrientationLandscapeRight";
				LD_RUNPATH_SEARCH_PATHS = (
					"$(inherited)",
					"@executable_path/Frameworks",
				);
				PRODUCT_BUNDLE_IDENTIFIER = com.ming.ankianna.AnkiAnna;
				SDKROOT = iphoneos;
				TARGETED_DEVICE_FAMILY = "1,2";
			};
			name = Release;
		};
		71836C2819B0F4D2CB581FD6 /* Debug */ = {
			isa = XCBuildConfiguration;
			buildSettings = {
				BUNDLE_LOADER = "$(TEST_HOST)";
				GENERATE_INFOPLIST_FILE = YES;
				LD_RUNPATH_SEARCH_PATHS = (
					"$(inherited)",
					"@executable_path/Frameworks",
					"@loader_path/Frameworks",
				);
				PRODUCT_BUNDLE_IDENTIFIER = com.ming.ankianna.AnkiAnnaUITests;
				SDKROOT = iphoneos;
				TARGETED_DEVICE_FAMILY = "1,2";
				TEST_TARGET_NAME = AnkiAnna;
			};
			name = Debug;
		};
		9A9E3365D0DAABEBB45B7812 /* Release */ = {
			isa = XCBuildConfiguration;
			buildSettings = {
				BUNDLE_LOADER = "$(TEST_HOST)";
				GENERATE_INFOPLIST_FILE = YES;
				LD_RUNPATH_SEARCH_PATHS = (
					"$(inherited)",
					"@executable_path/Frameworks",
					"@loader_path/Frameworks",
				);
				PRODUCT_BUNDLE_IDENTIFIER = com.ming.ankianna.AnkiAnnaUITests;
				SDKROOT = iphoneos;
				TARGETED_DEVICE_FAMILY = "1,2";
				TEST_TARGET_NAME = AnkiAnna;
			};
			name = Release;
		};
		9D923128E0E0E99E18D7EDCB /* Release */ = {
			isa = XCBuildConfiguration;
			buildSettings = {
				ALWAYS_SEARCH_USER_PATHS = NO;
				CLANG_ANALYZER_NONNULL = YES;
				CLANG_ANALYZER_NUMBER_OBJECT_CONVERSION = YES_AGGRESSIVE;
				CLANG_CXX_LANGUAGE_STANDARD = "gnu++14";
				CLANG_CXX_LIBRARY = "libc++";
				CLANG_ENABLE_MODULES = YES;
				CLANG_ENABLE_OBJC_ARC = YES;
				CLANG_ENABLE_OBJC_WEAK = YES;
				CLANG_WARN_BLOCK_CAPTURE_AUTORELEASING = YES;
				CLANG_WARN_BOOL_CONVERSION = YES;
				CLANG_WARN_COMMA = YES;
				CLANG_WARN_CONSTANT_CONVERSION = YES;
				CLANG_WARN_DEPRECATED_OBJC_IMPLEMENTATIONS = YES;
				CLANG_WARN_DIRECT_OBJC_ISA_USAGE = YES_ERROR;
				CLANG_WARN_DOCUMENTATION_COMMENTS = YES;
				CLANG_WARN_EMPTY_BODY = YES;
				CLANG_WARN_ENUM_CONVERSION = YES;
				CLANG_WARN_INFINITE_RECURSION = YES;
				CLANG_WARN_INT_CONVERSION = YES;
				CLANG_WARN_NON_LITERAL_NULL_CONVERSION = YES;
				CLANG_WARN_OBJC_IMPLICIT_RETAIN_SELF = YES;
				CLANG_WARN_OBJC_LITERAL_CONVERSION = YES;
				CLANG_WARN_OBJC_ROOT_CLASS = YES_ERROR;
				CLANG_WARN_QUOTED_INCLUDE_IN_FRAMEWORK_HEADER = YES;
				CLANG_WARN_RANGE_LOOP_ANALYSIS = YES;
				CLANG_WARN_STRICT_PROTOTYPES = YES;
				CLANG_WARN_SUSPICIOUS_MOVE = YES;
				CLANG_WARN_UNGUARDED_AVAILABILITY = YES_AGGRESSIVE;
				CLANG_WARN_UNREACHABLE_CODE = YES;
				CLANG_WARN__DUPLICATE_METHOD_MATCH = YES;
				COPY_PHASE_STRIP = NO;
				DEBUG_INFORMATION_FORMAT = "dwarf-with-dsym";
				ENABLE_NS_ASSERTIONS = NO;
				ENABLE_STRICT_OBJC_MSGSEND = YES;
				GCC_C_LANGUAGE_STANDARD = gnu11;
				GCC_NO_COMMON_BLOCKS = YES;
				GCC_WARN_64_TO_32_BIT_CONVERSION = YES;
				GCC_WARN_ABOUT_RETURN_TYPE = YES_ERROR;
				GCC_WARN_UNDECLARED_SELECTOR = YES;
				GCC_WARN_UNINITIALIZED_AUTOS = YES_AGGRESSIVE;
				GCC_WARN_UNUSED_FUNCTION = YES;
				GCC_WARN_UNUSED_VARIABLE = YES;
				IPHONEOS_DEPLOYMENT_TARGET = 17.0;
				MTL_ENABLE_DEBUG_INFO = NO;
				MTL_FAST_MATH = YES;
				PRODUCT_NAME = "$(TARGET_NAME)";
				SDKROOT = iphoneos;
				SUPPORTS_XR_DESIGNED_FOR = NO;
				SWIFT_COMPILATION_MODE = wholemodule;
				SWIFT_OPTIMIZATION_LEVEL = "-O";
				SWIFT_VERSION = 5.0;
				TARGETED_DEVICE_FAMILY = 2;
			};
			name = Release;
		};
		A3A8C618AB2EFFD8BAC00316 /* Debug */ = {
			isa = XCBuildConfiguration;
			buildSettings = {
				BUNDLE_LOADER = "$(TEST_HOST)";
				GENERATE_INFOPLIST_FILE = YES;
				LD_RUNPATH_SEARCH_PATHS = (
					"$(inherited)",
					"@executable_path/Frameworks",
					"@loader_path/Frameworks",
				);
				PRODUCT_BUNDLE_IDENTIFIER = com.ming.ankianna.AnkiAnnaTests;
				SDKROOT = iphoneos;
				TARGETED_DEVICE_FAMILY = "1,2";
				TEST_HOST = "$(BUILT_PRODUCTS_DIR)/AnkiAnna.app/AnkiAnna";
			};
			name = Debug;
		};
		B796D1D93293A4D761C82193 /* Release */ = {
			isa = XCBuildConfiguration;
			buildSettings = {
				BUNDLE_LOADER = "$(TEST_HOST)";
				GENERATE_INFOPLIST_FILE = YES;
				LD_RUNPATH_SEARCH_PATHS = (
					"$(inherited)",
					"@executable_path/Frameworks",
					"@loader_path/Frameworks",
				);
				PRODUCT_BUNDLE_IDENTIFIER = com.ming.ankianna.AnkiAnnaTests;
				SDKROOT = iphoneos;
				TARGETED_DEVICE_FAMILY = "1,2";
				TEST_HOST = "$(BUILT_PRODUCTS_DIR)/AnkiAnna.app/AnkiAnna";
			};
			name = Release;
		};
/* End XCBuildConfiguration section */

/* Begin XCConfigurationList section */
		3001A825565DAD3CE6D80EC9 /* Build configuration list for PBXNativeTarget "AnkiAnnaUITests" */ = {
			isa = XCConfigurationList;
			buildConfigurations = (
				71836C2819B0F4D2CB581FD6 /* Debug */,
				9A9E3365D0DAABEBB45B7812 /* Release */,
			);
			defaultConfigurationIsVisible = 0;
			defaultConfigurationName = Debug;
		};
		6A0FB8F0070EC54F80350F9D /* Build configuration list for PBXNativeTarget "AnkiAnna" */ = {
			isa = XCConfigurationList;
			buildConfigurations = (
				5E18681A9F7FCB0A87CE5B02 /* Debug */,
				6F88528639690CFFB685AD27 /* Release */,
			);
			defaultConfigurationIsVisible = 0;
			defaultConfigurationName = Debug;
		};
		BD92946ABD40B2C310AA6FB6 /* Build configuration list for PBXNativeTarget "AnkiAnnaTests" */ = {
			isa = XCConfigurationList;
			buildConfigurations = (
				A3A8C618AB2EFFD8BAC00316 /* Debug */,
				B796D1D93293A4D761C82193 /* Release */,
			);
			defaultConfigurationIsVisible = 0;
			defaultConfigurationName = Debug;
		};
		C59E36704FDB6ED6160BFEFD /* Build configuration list for PBXProject "AnkiAnna" */ = {
			isa = XCConfigurationList;
			buildConfigurations = (
				6463AFB680BD582667E6A16B /* Debug */,
				9D923128E0E0E99E18D7EDCB /* Release */,
			);
			defaultConfigurationIsVisible = 0;
			defaultConfigurationName = Debug;
		};
/* End XCConfigurationList section */
	};
	rootObject = C9DE45BAA115135099F27E24 /* Project object */;
}
